{
  "nodes": {
    "age-plugin-yubikey": {
      "flake": false,
      "locked": {
        "lastModified": 1651455310,
        "narHash": "sha256-KXqicTZ9GZlNj1AH3tMmOrC8zjXoEnqo4JJJTBdiI4E=",
        "owner": "str4d",
        "repo": "age-plugin-yubikey",
        "rev": "08ba0aa1ec3ced531dcb16a9db1795d6ee9b52cb",
        "type": "github"
      },
      "original": {
        "owner": "str4d",
        "repo": "age-plugin-yubikey",
        "type": "github"
      }
    },
    "agenix": {
      "inputs": {
        "nixpkgs": [
          "nixpkgs"
        ]
      },
      "locked": {
        "lastModified": 1665870395,
        "narHash": "sha256-Tsbqb27LDNxOoPLh0gw2hIb6L/6Ow/6lIBvqcHzEKBI=",
        "owner": "ryantm",
        "repo": "agenix",
        "rev": "a630400067c6d03c9b3e0455347dc8559db14288",
        "type": "github"
      },
      "original": {
        "owner": "ryantm",
        "repo": "agenix",
        "type": "github"
      }
    },
    "argocd-install": {
      "flake": false,
      "locked": {
        "narHash": "sha256-aq12CXMujss33H1HfMazu7rNGI7Esz6BrVSA5XnnbJE=",
        "type": "file",
        "url": "https://raw.githubusercontent.com/argoproj/argo-cd/v2.4.12/manifests/install.yaml"
      },
      "original": {
        "type": "file",
        "url": "https://raw.githubusercontent.com/argoproj/argo-cd/v2.4.12/manifests/install.yaml"
      }
    },
    "blur": {
      "flake": false,
      "locked": {
        "lastModified": 1587558846,
        "narHash": "sha256-TASthWzI3HJTbnFj7GlHN939NUK7+UVRY7kQz/JkDus=",
        "owner": "johnae",
        "repo": "blur",
        "rev": "0d9da940995b1e47c5f26be57d6372c8702fb134",
        "type": "github"
      },
      "original": {
        "owner": "johnae",
        "repo": "blur",
        "type": "github"
      }
    },
    "devshell": {
      "inputs": {
        "flake-utils": [
          "flake-utils"
        ],
        "nixpkgs": [
          "nixpkgs"
        ]
      },
      "locked": {
        "lastModified": 1667210711,
        "narHash": "sha256-IoErjXZAkzYWHEpQqwu/DeRNJGFdR7X2OGbkhMqMrpw=",
        "owner": "numtide",
        "repo": "devshell",
        "rev": "96a9dd12b8a447840cc246e17a47b81a4268bba7",
        "type": "github"
      },
      "original": {
        "owner": "numtide",
        "repo": "devshell",
        "type": "github"
      }
    },
    "fenix": {
      "inputs": {
        "nixpkgs": [
          "nixpkgs"
        ],
        "rust-analyzer-src": "rust-analyzer-src"
      },
      "locked": {
        "lastModified": 1668617169,
        "narHash": "sha256-XaKT5vv6eFbccqKH+qGqedmuPl/Aer02wbKfp1oqfzE=",
        "owner": "nix-community",
        "repo": "fenix",
        "rev": "70e658a26c8e5f739cae29c1276e8de0752524e1",
        "type": "github"
      },
      "original": {
        "owner": "nix-community",
        "repo": "fenix",
        "type": "github"
      }
    },
    "fish-kubectl-completions": {
      "flake": false,
      "locked": {
        "lastModified": 1629115345,
        "narHash": "sha256-OYiYTW+g71vD9NWOcX1i2/TaQfAg+c2dJZ5ohwWSDCc=",
        "owner": "evanlucas",
        "repo": "fish-kubectl-completions",
        "rev": "ced676392575d618d8b80b3895cdc3159be3f628",
        "type": "github"
      },
      "original": {
        "owner": "evanlucas",
        "repo": "fish-kubectl-completions",
        "type": "github"
      }
    },
    "flake-compat": {
      "flake": false,
      "locked": {
        "lastModified": 1650374568,
        "narHash": "sha256-Z+s0J8/r907g149rllvwhb4pKi8Wam5ij0st8PwAh+E=",
        "owner": "edolstra",
        "repo": "flake-compat",
        "rev": "b4a34015c698c7793d592d66adbab377907a2be8",
        "type": "github"
      },
      "original": {
        "owner": "edolstra",
        "repo": "flake-compat",
        "type": "github"
      }
    },
    "flake-utils": {
      "locked": {
        "lastModified": 1667395993,
        "narHash": "sha256-nuEHfE/LcWyuSWnS8t12N1wc105Qtau+/OdUAjtQ0rA=",
        "owner": "numtide",
        "repo": "flake-utils",
        "rev": "5aed5285a952e0b949eb3ba02c12fa4fcfef535f",
        "type": "github"
      },
      "original": {
        "owner": "numtide",
        "repo": "flake-utils",
        "type": "github"
      }
    },
    "flake-utils_2": {
      "locked": {
        "lastModified": 1659877975,
        "narHash": "sha256-zllb8aq3YO3h8B/U0/J1WBgAL8EX5yWf5pMj3G0NAmc=",
        "owner": "numtide",
        "repo": "flake-utils",
        "rev": "c0e246b9b83f637f4681389ecabcb2681b4f3af0",
        "type": "github"
      },
      "original": {
        "owner": "numtide",
        "repo": "flake-utils",
        "type": "github"
      }
    },
    "google-cloud-sdk-fish-completion": {
      "flake": false,
      "locked": {
        "lastModified": 1478342126,
        "narHash": "sha256-BIbzdxAj3mrf340l4hNkXwA13rIIFnC6BxM6YuJ7/w8=",
        "owner": "Doctusoft",
        "repo": "google-cloud-sdk-fish-completion",
        "rev": "bc24b0bf7da2addca377d89feece4487ca0b1e9c",
        "type": "github"
      },
      "original": {
        "owner": "Doctusoft",
        "repo": "google-cloud-sdk-fish-completion",
        "type": "github"
      }
    },
    "home-manager": {
      "inputs": {
        "nixpkgs": [
          "nixpkgs"
        ],
        "utils": "utils"
      },
      "locked": {
        "lastModified": 1668332334,
        "narHash": "sha256-YT1qcE/MCqBO1Bi/Yr6GcFpNKsvmzrBKh8juyXDbxQc=",
        "owner": "nix-community",
        "repo": "home-manager",
        "rev": "bc90de24d898655542589237cc0a6ada7564cb6c",
        "type": "github"
      },
      "original": {
        "owner": "nix-community",
        "repo": "home-manager",
        "type": "github"
      }
    },
    "hwdata": {
      "flake": false,
      "locked": {
        "lastModified": 1668158462,
        "narHash": "sha256-wkKOc8NlhR/RQV6IRrXmrD2lyWkc9rthqSEpUMgkGWg=",
        "owner": "vcrhonek",
        "repo": "hwdata",
        "rev": "f1e2eeb482abf7345c4f7926f82d97612de9ce42",
        "type": "github"
      },
      "original": {
        "owner": "vcrhonek",
        "repo": "hwdata",
        "type": "github"
      }
    },
    "kured": {
      "flake": false,
      "locked": {
        "lastModified": 1668570034,
        "narHash": "sha256-WlCJK95s+5ODYuylI3yR5He7XKWjrFBCce7fH7vCMuE=",
        "owner": "weaveworks",
        "repo": "kured",
        "rev": "c8ba0d98dc7327a87fdebadfd66555bc6ce0bc12",
        "type": "github"
      },
      "original": {
        "owner": "weaveworks",
        "repo": "kured",
        "type": "github"
      }
    },
    "neovim-flake": {
      "inputs": {
        "flake-utils": "flake-utils_2",
        "nixpkgs": [
          "neovim-nightly-overlay",
          "nixpkgs"
        ]
      },
      "locked": {
        "dir": "contrib",
        "lastModified": 1668547662,
        "narHash": "sha256-iA72uzTuW6Ggs28FedjUPcqQD6bLnwLWwIkfbTh3s5E=",
        "owner": "neovim",
        "repo": "neovim",
        "rev": "fa7e1e26019112ff9e2ea42626995f04e2a4e032",
        "type": "github"
      },
      "original": {
        "dir": "contrib",
        "owner": "neovim",
        "repo": "neovim",
        "type": "github"
      }
    },
    "neovim-nightly-overlay": {
      "inputs": {
        "flake-compat": "flake-compat",
        "neovim-flake": "neovim-flake",
        "nixpkgs": [
          "nixpkgs"
        ]
      },
      "locked": {
        "lastModified": 1668586693,
        "narHash": "sha256-KjgQHT6MmLYTVRHqOoJF4wTUHpB6pTn5tojE5bat7bw=",
        "owner": "nix-community",
        "repo": "neovim-nightly-overlay",
        "rev": "ade681bb266b4cdc0e613e0d10c4c56eb8d01ad1",
        "type": "github"
      },
      "original": {
        "owner": "nix-community",
        "repo": "neovim-nightly-overlay",
        "type": "github"
      }
    },
    "netns-exec": {
      "flake": false,
      "locked": {
        "lastModified": 1601501912,
        "narHash": "sha256-fDznTnWkS9dOeMB7G4YqEP0podWZlR7l4paMk+/bjmQ=",
        "owner": "johnae",
        "repo": "netns-exec",
        "rev": "748f29abbcdecbad6de0a347b68eb01e793e6317",
        "type": "github"
      },
      "original": {
        "owner": "johnae",
        "repo": "netns-exec",
        "type": "github"
      }
    },
    "nix-misc": {
      "inputs": {
        "nixlib": "nixlib"
      },
      "locked": {
        "lastModified": 1640300519,
        "narHash": "sha256-kZvGxEoqxagLiYpEf0Vfnp9UTb5CJKH/PZKsFw5EihY=",
        "owner": "johnae",
        "repo": "nix-misc",
        "rev": "eb9de1a757cf17432310c38404ca823c5498bf26",
        "type": "github"
      },
      "original": {
        "owner": "johnae",
        "repo": "nix-misc",
        "type": "github"
      }
    },
    "nixlib": {
      "locked": {
        "lastModified": 1636849918,
        "narHash": "sha256-nzUK6dPcTmNVrgTAC1EOybSMsrcx+QrVPyqRdyKLkjA=",
        "owner": "nix-community",
        "repo": "nixpkgs.lib",
        "rev": "28a5b0557f14124608db68d3ee1f77e9329e9dd5",
        "type": "github"
      },
      "original": {
        "owner": "nix-community",
        "repo": "nixpkgs.lib",
        "type": "github"
      }
    },
    "nixos-hardware": {
      "locked": {
        "lastModified": 1668334946,
        "narHash": "sha256-omMbUj4r5DVBWh7KxkoO/Z/1V1shVR6Ls4jXNB4mr3U=",
        "owner": "nixos",
        "repo": "nixos-hardware",
        "rev": "e0452b33ab0ef16ffe075e980644ed92a6a200bb",
        "type": "github"
      },
      "original": {
        "owner": "nixos",
        "repo": "nixos-hardware",
        "type": "github"
      }
    },
    "nixpkgs": {
      "locked": {
        "lastModified": 1668505710,
        "narHash": "sha256-DulcfsGjpSXL9Ma0iQIsb3HRbARCDcA+CNH67pPyMQ0=",
        "owner": "nixos",
        "repo": "nixpkgs",
        "rev": "85d6b3990def7eef45f4502a82496de02a02b6e8",
        "type": "github"
      },
      "original": {
        "owner": "nixos",
        "ref": "nixos-unstable",
        "repo": "nixpkgs",
        "type": "github"
      }
    },
    "nixpkgs-fmt": {
      "flake": false,
      "locked": {
        "lastModified": 1667229616,
        "narHash": "sha256-FZXQ7r1acO7s8v8kzUug1vamZ4T0kPqTmYM2ncuqM/s=",
        "owner": "nix-community",
        "repo": "nixpkgs-fmt",
        "rev": "cddd029dea02942fe2e1d15bc5fef71c8a3acbfd",
        "type": "github"
      },
      "original": {
        "owner": "nix-community",
        "repo": "nixpkgs-fmt",
        "type": "github"
      }
    },
    "nur": {
      "locked": {
        "lastModified": 1668640228,
        "narHash": "sha256-uw0o8B13gb1J7a4lZ1o5s8MVnydBAO79MznfiFWinfM=",
        "owner": "nix-community",
        "repo": "NUR",
        "rev": "4ee9d70656304b448250d7a7d7adb7095b3214cf",
        "type": "github"
      },
      "original": {
        "owner": "nix-community",
        "repo": "NUR",
        "type": "github"
      }
    },
    "rofi-wayland": {
      "flake": false,
      "locked": {
        "lastModified": 1666138109,
        "narHash": "sha256-Rf116SOkjZyUhGbcZmM2DHnXBW2CQ+YJg39D48G3YIA=",
        "owner": "lbonn",
        "repo": "rofi",
        "rev": "fd0ef6bc1514a83dd18d74436cfe103444df1b6d",
        "type": "github"
      },
      "original": {
        "owner": "lbonn",
        "ref": "wayland",
        "repo": "rofi",
        "type": "github"
      }
    },
    "root": {
      "inputs": {
        "age-plugin-yubikey": "age-plugin-yubikey",
        "agenix": "agenix",
        "argocd-install": "argocd-install",
        "blur": "blur",
        "devshell": "devshell",
        "fenix": "fenix",
        "fish-kubectl-completions": "fish-kubectl-completions",
        "flake-utils": "flake-utils",
        "google-cloud-sdk-fish-completion": "google-cloud-sdk-fish-completion",
        "home-manager": "home-manager",
        "hwdata": "hwdata",
        "kured": "kured",
        "neovim-nightly-overlay": "neovim-nightly-overlay",
        "netns-exec": "netns-exec",
        "nix-misc": "nix-misc",
        "nixos-hardware": "nixos-hardware",
        "nixpkgs": "nixpkgs",
        "nixpkgs-fmt": "nixpkgs-fmt",
        "nur": "nur",
        "rofi-wayland": "rofi-wayland",
        "sway": "sway",
        "swayidle": "swayidle",
        "swaylock": "swaylock",
        "wayland-protocols-master": "wayland-protocols-master",
        "wf-recorder": "wf-recorder",
        "wl-clipboard": "wl-clipboard",
        "wlroots": "wlroots"
      }
    },
    "rust-analyzer-src": {
      "flake": false,
      "locked": {
        "lastModified": 1668513567,
        "narHash": "sha256-13InfXUmulMYDa8wmQ2MRzqjuNcmjAqmpc2cnVCiRg8=",
        "owner": "rust-lang",
        "repo": "rust-analyzer",
        "rev": "0dd0dfb7dfe723bbfa81197c23d73c9bdc4022c1",
        "type": "github"
      },
      "original": {
        "owner": "rust-lang",
        "ref": "nightly",
        "repo": "rust-analyzer",
        "type": "github"
      }
    },
    "sway": {
      "flake": false,
      "locked": {
        "lastModified": 1668547603,
        "narHash": "sha256-/KPrHst+UbYY0btP4khXw8VHuL4QX4/ZsGpPvJORS44=",
        "owner": "swaywm",
        "repo": "sway",
        "rev": "7623292734d6ba48bbfef1c32da28d02118dac38",
        "type": "github"
      },
      "original": {
        "owner": "swaywm",
        "repo": "sway",
        "type": "github"
      }
    },
    "swayidle": {
      "flake": false,
      "locked": {
        "lastModified": 1665683076,
        "narHash": "sha256-26kMOY1HUwK+yVMkdYKOFermyBkbR7YFYeIXhkKgFZk=",
        "owner": "swaywm",
        "repo": "swayidle",
        "rev": "a63281d6198e6bb314209df52315c626c32cc148",
        "type": "github"
      },
      "original": {
        "owner": "swaywm",
        "repo": "swayidle",
        "type": "github"
      }
    },
    "swaylock": {
      "flake": false,
      "locked": {
        "lastModified": 1668456421,
        "narHash": "sha256-VsAbtHnmeghQfWkha5vqYGvOvj26qKgrh4KuIBZp1pE=",
        "owner": "swaywm",
        "repo": "swaylock",
        "rev": "f6f804013f36e8cb66e1b8da4552b39aa421b8ab",
        "type": "github"
      },
      "original": {
        "owner": "swaywm",
        "repo": "swaylock",
        "type": "github"
      }
    },
    "utils": {
      "locked": {
        "lastModified": 1667395993,
        "narHash": "sha256-nuEHfE/LcWyuSWnS8t12N1wc105Qtau+/OdUAjtQ0rA=",
        "owner": "numtide",
        "repo": "flake-utils",
        "rev": "5aed5285a952e0b949eb3ba02c12fa4fcfef535f",
        "type": "github"
      },
      "original": {
        "owner": "numtide",
        "repo": "flake-utils",
        "type": "github"
      }
    },
    "wayland-protocols-master": {
      "flake": false,
      "locked": {
        "lastModified": 1668425241,
        "narHash": "sha256-6HhQTkN7uPZA7HwbqQ/LCN2DrS9vKcHZAPzq6zSPRYA=",
        "ref": "main",
        "rev": "6a85dc1b952f7b10c6127dd8ff9c7339ae843b36",
        "revCount": 298,
        "type": "git",
        "url": "https://gitlab.freedesktop.org/wayland/wayland-protocols"
      },
      "original": {
        "ref": "main",
        "type": "git",
        "url": "https://gitlab.freedesktop.org/wayland/wayland-protocols"
      }
    },
    "wf-recorder": {
      "flake": false,
      "locked": {
        "lastModified": 1660206226,
        "narHash": "sha256-5EoeCZf7t8esbrskvusaEdoOyV1HCzmescQ0oH5wE70=",
        "owner": "ammen99",
        "repo": "wf-recorder",
        "rev": "bb7aff7a52598b70b87da351822e8e58caa1a973",
        "type": "github"
      },
      "original": {
        "owner": "ammen99",
        "repo": "wf-recorder",
        "type": "github"
      }
    },
    "wl-clipboard": {
      "flake": false,
      "locked": {
        "lastModified": 1655050123,
        "narHash": "sha256-7or+a8yV8rcOkfKS/lKwNMsN40Ao2OVXHoTMPLIEuy0=",
        "owner": "bugaevc",
        "repo": "wl-clipboard",
        "rev": "89cd9f9e430a6cd8b82fa65a9c05e530e2430ffd",
        "type": "github"
      },
      "original": {
        "owner": "bugaevc",
        "repo": "wl-clipboard",
        "type": "github"
      }
    },
    "wlroots": {
      "flake": false,
      "locked": {
        "lastModified": 1668563778,
        "narHash": "sha256-B4EV8nqk/ebdW10Ffh64Zx02loSWA9kHAxWvMAkPAZQ=",
        "ref": "master",
        "rev": "8b12037cadb2422a10d948babc4fd77ce637f158",
        "revCount": 5906,
        "type": "git",
        "url": "https://gitlab.freedesktop.org/wlroots/wlroots"
      },
      "original": {
        "ref": "master",
        "type": "git",
        "url": "https://gitlab.freedesktop.org/wlroots/wlroots"
      }
    }
  },
  "root": "root",
  "version": 7
}
