{
  "nodes": {
    "age-plugin-yubikey": {
      "flake": false,
      "locked": {
        "lastModified": 1651455310,
        "narHash": "sha256-KXqicTZ9GZlNj1AH3tMmOrC8zjXoEnqo4JJJTBdiI4E=",
        "owner": "str4d",
        "repo": "age-plugin-yubikey",
        "rev": "08ba0aa1ec3ced531dcb16a9db1795d6ee9b52cb",
        "type": "github"
      },
      "original": {
        "owner": "str4d",
        "repo": "age-plugin-yubikey",
        "type": "github"
      }
    },
    "agenix": {
      "inputs": {
        "nixpkgs": [
          "nixpkgs"
        ]
      },
      "locked": {
        "lastModified": 1665870395,
        "narHash": "sha256-Tsbqb27LDNxOoPLh0gw2hIb6L/6Ow/6lIBvqcHzEKBI=",
        "owner": "ryantm",
        "repo": "agenix",
        "rev": "a630400067c6d03c9b3e0455347dc8559db14288",
        "type": "github"
      },
      "original": {
        "owner": "ryantm",
        "repo": "agenix",
        "type": "github"
      }
    },
    "argocd-install": {
      "flake": false,
      "locked": {
        "narHash": "sha256-7XGHA3pmG7keli6AnS6Ncy8t9bjrA7PVXiyHWp1f7H4=",
        "type": "file",
        "url": "https://raw.githubusercontent.com/argoproj/argo-cd/v2.5.4/manifests/install.yaml"
      },
      "original": {
        "type": "file",
        "url": "https://raw.githubusercontent.com/argoproj/argo-cd/v2.5.4/manifests/install.yaml"
      }
    },
    "blur": {
      "flake": false,
      "locked": {
        "lastModified": 1587558846,
        "narHash": "sha256-TASthWzI3HJTbnFj7GlHN939NUK7+UVRY7kQz/JkDus=",
        "owner": "johnae",
        "repo": "blur",
        "rev": "0d9da940995b1e47c5f26be57d6372c8702fb134",
        "type": "github"
      },
      "original": {
        "owner": "johnae",
        "repo": "blur",
        "type": "github"
      }
    },
    "devshell": {
      "inputs": {
        "flake-utils": [
          "flake-utils"
        ],
        "nixpkgs": [
          "nixpkgs"
        ]
      },
      "locked": {
        "lastModified": 1671489820,
        "narHash": "sha256-qoei5HDJ8psd1YUPD7DhbHdhLIT9L2nadscp4Qk37uk=",
        "owner": "numtide",
        "repo": "devshell",
        "rev": "5aa3a8039c68b4bf869327446590f4cdf90bb634",
        "type": "github"
      },
      "original": {
        "owner": "numtide",
        "repo": "devshell",
        "type": "github"
      }
    },
    "fenix": {
      "inputs": {
        "nixpkgs": [
          "nixpkgs"
        ],
        "rust-analyzer-src": "rust-analyzer-src"
      },
      "locked": {
        "lastModified": 1672122171,
        "narHash": "sha256-66/Y+e6YT53+3rzEMf9ieT+PKO2ap5dkPez679wcRw0=",
        "owner": "nix-community",
        "repo": "fenix",
        "rev": "d0d2eb02df2e9803e8236df5b3aa10c225e7ef1b",
        "type": "github"
      },
      "original": {
        "owner": "nix-community",
        "repo": "fenix",
        "type": "github"
      }
    },
    "fish-kubectl-completions": {
      "flake": false,
      "locked": {
        "lastModified": 1629115345,
        "narHash": "sha256-OYiYTW+g71vD9NWOcX1i2/TaQfAg+c2dJZ5ohwWSDCc=",
        "owner": "evanlucas",
        "repo": "fish-kubectl-completions",
        "rev": "ced676392575d618d8b80b3895cdc3159be3f628",
        "type": "github"
      },
      "original": {
        "owner": "evanlucas",
        "repo": "fish-kubectl-completions",
        "type": "github"
      }
    },
    "flake-compat": {
      "flake": false,
      "locked": {
        "lastModified": 1668681692,
        "narHash": "sha256-Ht91NGdewz8IQLtWZ9LCeNXMSXHUss+9COoqu6JLmXU=",
        "owner": "edolstra",
        "repo": "flake-compat",
        "rev": "009399224d5e398d03b22badca40a37ac85412a1",
        "type": "github"
      },
      "original": {
        "owner": "edolstra",
        "repo": "flake-compat",
        "type": "github"
      }
    },
    "flake-utils": {
      "locked": {
        "lastModified": 1667395993,
        "narHash": "sha256-nuEHfE/LcWyuSWnS8t12N1wc105Qtau+/OdUAjtQ0rA=",
        "owner": "numtide",
        "repo": "flake-utils",
        "rev": "5aed5285a952e0b949eb3ba02c12fa4fcfef535f",
        "type": "github"
      },
      "original": {
        "owner": "numtide",
        "repo": "flake-utils",
        "type": "github"
      }
    },
    "flake-utils_2": {
      "locked": {
        "lastModified": 1667395993,
        "narHash": "sha256-nuEHfE/LcWyuSWnS8t12N1wc105Qtau+/OdUAjtQ0rA=",
        "owner": "numtide",
        "repo": "flake-utils",
        "rev": "5aed5285a952e0b949eb3ba02c12fa4fcfef535f",
        "type": "github"
      },
      "original": {
        "owner": "numtide",
        "repo": "flake-utils",
        "type": "github"
      }
    },
    "google-cloud-sdk-fish-completion": {
      "flake": false,
      "locked": {
        "lastModified": 1478342126,
        "narHash": "sha256-BIbzdxAj3mrf340l4hNkXwA13rIIFnC6BxM6YuJ7/w8=",
        "owner": "Doctusoft",
        "repo": "google-cloud-sdk-fish-completion",
        "rev": "bc24b0bf7da2addca377d89feece4487ca0b1e9c",
        "type": "github"
      },
      "original": {
        "owner": "Doctusoft",
        "repo": "google-cloud-sdk-fish-completion",
        "type": "github"
      }
    },
    "home-manager": {
      "inputs": {
        "nixpkgs": [
          "nixpkgs"
        ],
        "utils": "utils"
      },
      "locked": {
        "lastModified": 1671966569,
        "narHash": "sha256-jbLgfSnmLchARBNFRvCic63CFQ9LAyvlXnBpc2kwjQc=",
        "owner": "nix-community",
        "repo": "home-manager",
        "rev": "c55fa26ce05fee8e063db22918d05a73d430b2ea",
        "type": "github"
      },
      "original": {
        "owner": "nix-community",
        "repo": "home-manager",
        "type": "github"
      }
    },
    "hwdata": {
      "flake": false,
      "locked": {
        "lastModified": 1669972374,
        "narHash": "sha256-pIWSt7WlkcpEI3CkIVqiF+F+EIiob/s8SjR534jo+AE=",
        "owner": "vcrhonek",
        "repo": "hwdata",
        "rev": "803068db92b8bb249014f1c947b91b452f539f5f",
        "type": "github"
      },
      "original": {
        "owner": "vcrhonek",
        "repo": "hwdata",
        "type": "github"
      }
    },
    "kured": {
      "flake": false,
      "locked": {
        "lastModified": 1671089256,
        "narHash": "sha256-j1sUdTbGcWLvH9nShZnjrTdYbqNrqVWg+1J34zNSHuc=",
        "owner": "weaveworks",
        "repo": "kured",
        "rev": "eed2df6493815231817efdfd1dc8586145150d44",
        "type": "github"
      },
      "original": {
        "owner": "weaveworks",
        "repo": "kured",
        "type": "github"
      }
    },
    "neovim-flake": {
      "inputs": {
        "flake-utils": "flake-utils_2",
        "nixpkgs": [
          "neovim-nightly-overlay",
          "nixpkgs"
        ]
      },
      "locked": {
        "dir": "contrib",
        "lastModified": 1672110838,
        "narHash": "sha256-xZ5Rgzy1Xy57HCR6/F11wvmEjsQTO0wNt6or+u7j2Uk=",
        "owner": "neovim",
        "repo": "neovim",
        "rev": "d4af8c6202e8734ef4a3a3dfe249353f8d5ba551",
        "type": "github"
      },
      "original": {
        "dir": "contrib",
        "owner": "neovim",
        "repo": "neovim",
        "type": "github"
      }
    },
    "neovim-nightly-overlay": {
      "inputs": {
        "flake-compat": "flake-compat",
        "neovim-flake": "neovim-flake",
        "nixpkgs": [
          "nixpkgs"
        ]
      },
      "locked": {
        "lastModified": 1672128854,
        "narHash": "sha256-Oc9/4BtJ49oQ3017qdvlsZIuTfKDg0aqoY06HRg6iDc=",
        "owner": "nix-community",
        "repo": "neovim-nightly-overlay",
        "rev": "f41cb91799e062aa8c1fbd7f3390eacd72ea96f1",
        "type": "github"
      },
      "original": {
        "owner": "nix-community",
        "repo": "neovim-nightly-overlay",
        "type": "github"
      }
    },
    "netns-exec": {
      "flake": false,
      "locked": {
        "lastModified": 1601501912,
        "narHash": "sha256-fDznTnWkS9dOeMB7G4YqEP0podWZlR7l4paMk+/bjmQ=",
        "owner": "johnae",
        "repo": "netns-exec",
        "rev": "748f29abbcdecbad6de0a347b68eb01e793e6317",
        "type": "github"
      },
      "original": {
        "owner": "johnae",
        "repo": "netns-exec",
        "type": "github"
      }
    },
    "nix-misc": {
      "inputs": {
        "nixlib": "nixlib"
      },
      "locked": {
        "lastModified": 1640300519,
        "narHash": "sha256-kZvGxEoqxagLiYpEf0Vfnp9UTb5CJKH/PZKsFw5EihY=",
        "owner": "johnae",
        "repo": "nix-misc",
        "rev": "eb9de1a757cf17432310c38404ca823c5498bf26",
        "type": "github"
      },
      "original": {
        "owner": "johnae",
        "repo": "nix-misc",
        "type": "github"
      }
    },
    "nixlib": {
      "locked": {
        "lastModified": 1636849918,
        "narHash": "sha256-nzUK6dPcTmNVrgTAC1EOybSMsrcx+QrVPyqRdyKLkjA=",
        "owner": "nix-community",
        "repo": "nixpkgs.lib",
        "rev": "28a5b0557f14124608db68d3ee1f77e9329e9dd5",
        "type": "github"
      },
      "original": {
        "owner": "nix-community",
        "repo": "nixpkgs.lib",
        "type": "github"
      }
    },
    "nixos-hardware": {
      "locked": {
        "lastModified": 1671631481,
        "narHash": "sha256-LP6NvQQNKdqDpXngECo6oCiWfYRb0KPGM5+D5lu7mPw=",
        "owner": "nixos",
        "repo": "nixos-hardware",
        "rev": "9577ab1eaf01a738b015a7a7ab2a4616e158b6cd",
        "type": "github"
      },
      "original": {
        "owner": "nixos",
        "repo": "nixos-hardware",
        "type": "github"
      }
    },
    "nixpkgs": {
      "locked": {
        "lastModified": 1671983799,
        "narHash": "sha256-Z2Ro6hFPZHkBqkVXY5/aBUzxi5xizQGvuHQ9+T5B/ks=",
        "owner": "nixos",
        "repo": "nixpkgs",
        "rev": "fad51abd42ca17a60fc1d4cb9382e2d79ae31836",
        "type": "github"
      },
      "original": {
        "owner": "nixos",
        "ref": "nixos-unstable",
        "repo": "nixpkgs",
        "type": "github"
      }
    },
    "nixpkgs-fmt": {
      "flake": false,
      "locked": {
        "lastModified": 1667229616,
        "narHash": "sha256-FZXQ7r1acO7s8v8kzUug1vamZ4T0kPqTmYM2ncuqM/s=",
        "owner": "nix-community",
        "repo": "nixpkgs-fmt",
        "rev": "cddd029dea02942fe2e1d15bc5fef71c8a3acbfd",
        "type": "github"
      },
      "original": {
        "owner": "nix-community",
        "repo": "nixpkgs-fmt",
        "type": "github"
      }
    },
    "nur": {
      "locked": {
        "lastModified": 1672173994,
        "narHash": "sha256-xz35m/kwDTtE6TMYYeqb68mdxDyxZu7UGZqaqj3SS4U=",
        "owner": "nix-community",
        "repo": "NUR",
        "rev": "6ec5c83d9142b8ccfa8d768cd44473e489ec0481",
        "type": "github"
      },
      "original": {
        "owner": "nix-community",
        "repo": "NUR",
        "type": "github"
      }
    },
    "rofi-wayland": {
      "flake": false,
      "locked": {
        "lastModified": 1672095645,
        "narHash": "sha256-8rnr4KKWUMh6RuqoCTghLDPUaR1uIM1eETMM0GHf6jY=",
        "owner": "lbonn",
        "repo": "rofi",
        "rev": "5d4a3e14788945a9a1c7d18993151a3b00649373",
        "type": "github"
      },
      "original": {
        "owner": "lbonn",
        "ref": "wayland",
        "repo": "rofi",
        "type": "github"
      }
    },
    "root": {
      "inputs": {
        "age-plugin-yubikey": "age-plugin-yubikey",
        "agenix": "agenix",
        "argocd-install": "argocd-install",
        "blur": "blur",
        "devshell": "devshell",
        "fenix": "fenix",
        "fish-kubectl-completions": "fish-kubectl-completions",
        "flake-utils": "flake-utils",
        "google-cloud-sdk-fish-completion": "google-cloud-sdk-fish-completion",
        "home-manager": "home-manager",
        "hwdata": "hwdata",
        "kured": "kured",
        "neovim-nightly-overlay": "neovim-nightly-overlay",
        "netns-exec": "netns-exec",
        "nix-misc": "nix-misc",
        "nixos-hardware": "nixos-hardware",
        "nixpkgs": "nixpkgs",
        "nixpkgs-fmt": "nixpkgs-fmt",
        "nur": "nur",
        "rofi-wayland": "rofi-wayland",
        "sway": "sway",
        "swayidle": "swayidle",
        "swaylock": "swaylock",
        "wayland-protocols-master": "wayland-protocols-master",
        "wf-recorder": "wf-recorder",
        "wl-clipboard": "wl-clipboard",
        "wlroots": "wlroots"
      }
    },
    "rust-analyzer-src": {
      "flake": false,
      "locked": {
        "lastModified": 1671979996,
        "narHash": "sha256-N07+rUVtNm9/ZSCR6IS2nymDaPNW4+Ta5s3ZSHg9Mrk=",
        "owner": "rust-lang",
        "repo": "rust-analyzer",
        "rev": "74ae2dd3039cd80fc77e4ed0c0a206be6660dd9a",
        "type": "github"
      },
      "original": {
        "owner": "rust-lang",
        "ref": "nightly",
        "repo": "rust-analyzer",
        "type": "github"
      }
    },
    "sway": {
      "flake": false,
      "locked": {
        "lastModified": 1671727353,
        "narHash": "sha256-PNz/FNx9SQfsSjMI7AOM2o6zJSg1yg22M6tVy7cji0k=",
        "owner": "swaywm",
        "repo": "sway",
        "rev": "bd7466e1b7fa7bf567effeb4fcd7ab6f218dff25",
        "type": "github"
      },
      "original": {
        "owner": "swaywm",
        "repo": "sway",
        "type": "github"
      }
    },
    "swayidle": {
      "flake": false,
      "locked": {
        "lastModified": 1670169924,
        "narHash": "sha256-Dbf7Qj88ToNwCQosMSOUB8C0RjSfj0pIRWTDyRavUkQ=",
        "owner": "swaywm",
        "repo": "swayidle",
        "rev": "4b9e70c371561a1b31bc8ff645b8e0602d6e506c",
        "type": "github"
      },
      "original": {
        "owner": "swaywm",
        "repo": "swayidle",
        "type": "github"
      }
    },
    "swaylock": {
      "flake": false,
      "locked": {
        "lastModified": 1670234561,
        "narHash": "sha256-pWJ4uRQVcGRzThbRySUcVQPPMBRalXXFWZ/99NN7xG8=",
        "owner": "swaywm",
        "repo": "swaylock",
        "rev": "84598b08f21ae607810044f39caf9e0569cf2087",
        "type": "github"
      },
      "original": {
        "owner": "swaywm",
        "repo": "swaylock",
        "type": "github"
      }
    },
    "utils": {
      "locked": {
        "lastModified": 1667395993,
        "narHash": "sha256-nuEHfE/LcWyuSWnS8t12N1wc105Qtau+/OdUAjtQ0rA=",
        "owner": "numtide",
        "repo": "flake-utils",
        "rev": "5aed5285a952e0b949eb3ba02c12fa4fcfef535f",
        "type": "github"
      },
      "original": {
        "owner": "numtide",
        "repo": "flake-utils",
        "type": "github"
      }
    },
    "wayland-protocols-master": {
      "flake": false,
      "locked": {
        "lastModified": 1671453712,
        "narHash": "sha256-rDhCWST2cmgQifqqFQ2jee3xK3Wt0jvauos1E3Rt97Q=",
        "ref": "main",
        "rev": "37a7b9d387f01ae789432872028317488d0000c8",
        "revCount": 306,
        "type": "git",
        "url": "https://gitlab.freedesktop.org/wayland/wayland-protocols"
      },
      "original": {
        "ref": "main",
        "type": "git",
        "url": "https://gitlab.freedesktop.org/wayland/wayland-protocols"
      }
    },
    "wf-recorder": {
      "flake": false,
      "locked": {
        "lastModified": 1671957223,
        "narHash": "sha256-r+5iwbYaHOYxaztCceyMSw7m9hPStrbd2JjcpBjRTh8=",
        "owner": "ammen99",
        "repo": "wf-recorder",
        "rev": "a40f9ad9f09fa142092c67e19f8679246b7ad8af",
        "type": "github"
      },
      "original": {
        "owner": "ammen99",
        "repo": "wf-recorder",
        "type": "github"
      }
    },
    "wl-clipboard": {
      "flake": false,
      "locked": {
        "lastModified": 1655050123,
        "narHash": "sha256-7or+a8yV8rcOkfKS/lKwNMsN40Ao2OVXHoTMPLIEuy0=",
        "owner": "bugaevc",
        "repo": "wl-clipboard",
        "rev": "89cd9f9e430a6cd8b82fa65a9c05e530e2430ffd",
        "type": "github"
      },
      "original": {
        "owner": "bugaevc",
        "repo": "wl-clipboard",
        "type": "github"
      }
    },
    "wlroots": {
      "flake": false,
      "locked": {
        "lastModified": 1671811002,
        "narHash": "sha256-VSuFyPzjEQJ82/b3kYHkIKyghDyLWG4VBc5TpZBfjVI=",
        "ref": "master",
        "rev": "869af1cfbb3944d32d59a4c08ca439e7b5eaf6d2",
        "revCount": 6054,
        "type": "git",
        "url": "https://gitlab.freedesktop.org/wlroots/wlroots"
      },
      "original": {
        "ref": "master",
        "type": "git",
        "url": "https://gitlab.freedesktop.org/wlroots/wlroots"
      }
    }
  },
  "root": "root",
  "version": 7
}
